
Microsoft Visual Studio Solution File, Format Version 12.00
# Visual Studio Version 16
VisualStudioVersion = 16.0.31624.102
MinimumVisualStudioVersion = 10.0.40219.1
Project("{FAE04EC0-301F-11D3-BF4B-00C04F79EFBC}") = "SicilyLines-App", "SicilyLines-App.csproj", "{6934F93D-777B-463B-846B-97BEC8B062E5}"
EndProject
Global
	GlobalSection(SolutionConfigurationPlatforms) = preSolution
		Debug|Any CPU = Debug|Any CPU
		Release|Any CPU = Release|Any CPU
	EndGlobalSection
	GlobalSection(ProjectConfigurationPlatforms) = postSolution
		{6934F93D-777B-463B-846B-97BEC8B062E5}.Debug|Any CPU.ActiveCfg = Debug|Any CPU
		{6934F93D-777B-463B-846B-97BEC8B062E5}.Debug|Any CPU.Build.0 = Debug|Any CPU
		{6934F93D-777B-463B-846B-97BEC8B062E5}.Release|Any CPU.ActiveCfg = Release|Any CPU
		{6934F93D-777B-463B-846B-97BEC8B062E5}.Release|Any CPU.Build.0 = Release|Any CPU
	EndGlobalSection
	GlobalSection(SolutionProperties) = preSolution
		HideSolutionNode = FALSE
	EndGlobalSection
	GlobalSection(ExtensibilityGlobals) = postSolution
		SolutionGuid = {309CDE1D-D810-414B-833F-DF4CF14CBF28}
	EndGlobalSection
EndGlobal
